
Microsoft Visual Studio Solution File, Format Version 12.00
# Visual Studio Version 17
VisualStudioVersion = 17.6.33829.357
MinimumVisualStudioVersion = 10.0.40219.1
Project("{FAE04EC0-301F-11D3-BF4B-00C04F79EFBC}") = "Materi1", "Materi1.csproj", "{63AFFDF1-FDE1-479A-8736-A5AD26980664}"
EndProject
Global
	GlobalSection(SolutionConfigurationPlatforms) = preSolution
		Debug|Any CPU = Debug|Any CPU
		Release|Any CPU = Release|Any CPU
	EndGlobalSection
	GlobalSection(ProjectConfigurationPlatforms) = postSolution
		{63AFFDF1-FDE1-479A-8736-A5AD26980664}.Debug|Any CPU.ActiveCfg = Debug|Any CPU
		{63AFFDF1-FDE1-479A-8736-A5AD26980664}.Debug|Any CPU.Build.0 = Debug|Any CPU
		{63AFFDF1-FDE1-479A-8736-A5AD26980664}.Release|Any CPU.ActiveCfg = Release|Any CPU
		{63AFFDF1-FDE1-479A-8736-A5AD26980664}.Release|Any CPU.Build.0 = Release|Any CPU
	EndGlobalSection
	GlobalSection(SolutionProperties) = preSolution
		HideSolutionNode = FALSE
	EndGlobalSection
	GlobalSection(ExtensibilityGlobals) = postSolution
		SolutionGuid = {38096DF7-CF77-4681-B55D-12A4CA030B11}
	EndGlobalSection
EndGlobal
